// !$*UTF8*$!
{
	archiveVersion = 1;
	classes = {
	};
	objectVersion = 77;
	objects = {

/* Begin PBXBuildFile section */
		8859F8D62DA6FB4C00F9F768 /* RealityKitContent in Frameworks */ = {isa = PBXBuildFile; productRef = 8859F8D52DA6FB4C00F9F768 /* RealityKitContent */; };
/* End PBXBuildFile section */

/* Begin PBXContainerItemProxy section */
		8859F8E92DA6FB4D00F9F768 /* PBXContainerItemProxy */ = {
			isa = PBXContainerItemProxy;
			containerPortal = 8859F8C82DA6FB4C00F9F768 /* Project object */;
			proxyType = 1;
			remoteGlobalIDString = 8859F8CF2DA6FB4C00F9F768;
			remoteInfo = AstraZeneca;
		};
/* End PBXContainerItemProxy section */

/* Begin PBXFileReference section */
		8859F8D02DA6FB4C00F9F768 /* AstraZeneca.app */ = {isa = PBXFileReference; explicitFileType = wrapper.application; includeInIndex = 0; path = AstraZeneca.app; sourceTree = BUILT_PRODUCTS_DIR; };
		8859F8D42DA6FB4C00F9F768 /* RealityKitContent */ = {isa = PBXFileReference; lastKnownFileType = wrapper; path = RealityKitContent; sourceTree = "<group>"; };
		8859F8E82DA6FB4D00F9F768 /* AstraZenecaTests.xctest */ = {isa = PBXFileReference; explicitFileType = wrapper.cfbundle; includeInIndex = 0; path = AstraZenecaTests.xctest; sourceTree = BUILT_PRODUCTS_DIR; };
/* End PBXFileReference section */

/* Begin PBXFileSystemSynchronizedBuildFileExceptionSet section */
		8859F8EE2DA6FB4D00F9F768 /* Exceptions for "AstraZeneca" folder in "AstraZeneca" target */ = {
			isa = PBXFileSystemSynchronizedBuildFileExceptionSet;
			membershipExceptions = (
				Info.plist,
			);
			target = 8859F8CF2DA6FB4C00F9F768 /* AstraZeneca */;
		};
/* End PBXFileSystemSynchronizedBuildFileExceptionSet section */

/* Begin PBXFileSystemSynchronizedRootGroup section */
		8859F8D22DA6FB4C00F9F768 /* AstraZeneca */ = {
			isa = PBXFileSystemSynchronizedRootGroup;
			exceptions = (
				8859F8EE2DA6FB4D00F9F768 /* Exceptions for "AstraZeneca" folder in "AstraZeneca" target */,
			);
			path = AstraZeneca;
			sourceTree = "<group>";
		};
		8859F8EB2DA6FB4D00F9F768 /* AstraZenecaTests */ = {
			isa = PBXFileSystemSynchronizedRootGroup;
			path = AstraZenecaTests;
			sourceTree = "<group>";
		};
/* End PBXFileSystemSynchronizedRootGroup section */

/* Begin PBXFrameworksBuildPhase section */
		8859F8CD2DA6FB4C00F9F768 /* Frameworks */ = {
			isa = PBXFrameworksBuildPhase;
			buildActionMask = 2147483647;
			files = (
				8859F8D62DA6FB4C00F9F768 /* RealityKitContent in Frameworks */,
			);
			runOnlyForDeploymentPostprocessing = 0;
		};
		8859F8E52DA6FB4D00F9F768 /* Frameworks */ = {
			isa = PBXFrameworksBuildPhase;
			buildActionMask = 2147483647;
			files = (
			);
			runOnlyForDeploymentPostprocessing = 0;
		};
/* End PBXFrameworksBuildPhase section */

/* Begin PBXGroup section */
		8859F8C72DA6FB4C00F9F768 = {
			isa = PBXGroup;
			children = (
				8859F8D22DA6FB4C00F9F768 /* AstraZeneca */,
				8859F8D32DA6FB4C00F9F768 /* Packages */,
				8859F8EB2DA6FB4D00F9F768 /* AstraZenecaTests */,
				8859F8D12DA6FB4C00F9F768 /* Products */,
			);
			sourceTree = "<group>";
		};
		8859F8D12DA6FB4C00F9F768 /* Products */ = {
			isa = PBXGroup;
			children = (
				8859F8D02DA6FB4C00F9F768 /* AstraZeneca.app */,
				8859F8E82DA6FB4D00F9F768 /* AstraZenecaTests.xctest */,
			);
			name = Products;
			sourceTree = "<group>";
		};
		8859F8D32DA6FB4C00F9F768 /* Packages */ = {
			isa = PBXGroup;
			children = (
				8859F8D42DA6FB4C00F9F768 /* RealityKitContent */,
			);
			path = Packages;
			sourceTree = "<group>";
		};
/* End PBXGroup section */

/* Begin PBXNativeTarget section */
		8859F8CF2DA6FB4C00F9F768 /* AstraZeneca */ = {
			isa = PBXNativeTarget;
			buildConfigurationList = 8859F8EF2DA6FB4D00F9F768 /* Build configuration list for PBXNativeTarget "AstraZeneca" */;
			buildPhases = (
				8859F8CC2DA6FB4C00F9F768 /* Sources */,
				8859F8CD2DA6FB4C00F9F768 /* Frameworks */,
				8859F8CE2DA6FB4C00F9F768 /* Resources */,
			);
			buildRules = (
			);
			dependencies = (
			);
			fileSystemSynchronizedGroups = (
				8859F8D22DA6FB4C00F9F768 /* AstraZeneca */,
			);
			name = AstraZeneca;
			packageProductDependencies = (
				8859F8D52DA6FB4C00F9F768 /* RealityKitContent */,
			);
			productName = AstraZeneca;
			productReference = 8859F8D02DA6FB4C00F9F768 /* AstraZeneca.app */;
			productType = "com.apple.product-type.application";
		};
		8859F8E72DA6FB4D00F9F768 /* AstraZenecaTests */ = {
			isa = PBXNativeTarget;
			buildConfigurationList = 8859F8F42DA6FB4D00F9F768 /* Build configuration list for PBXNativeTarget "AstraZenecaTests" */;
			buildPhases = (
				8859F8E42DA6FB4D00F9F768 /* Sources */,
				8859F8E52DA6FB4D00F9F768 /* Frameworks */,
				8859F8E62DA6FB4D00F9F768 /* Resources */,
			);
			buildRules = (
			);
			dependencies = (
				8859F8EA2DA6FB4D00F9F768 /* PBXTargetDependency */,
			);
			fileSystemSynchronizedGroups = (
				8859F8EB2DA6FB4D00F9F768 /* AstraZenecaTests */,
			);
			name = AstraZenecaTests;
			packageProductDependencies = (
			);
			productName = AstraZenecaTests;
			productReference = 8859F8E82DA6FB4D00F9F768 /* AstraZenecaTests.xctest */;
			productType = "com.apple.product-type.bundle.unit-test";
		};
/* End PBXNativeTarget section */

/* Begin PBXProject section */
		8859F8C82DA6FB4C00F9F768 /* Project object */ = {
			isa = PBXProject;
			attributes = {
				BuildIndependentTargetsInParallel = 1;
				LastSwiftUpdateCheck = 1630;
				LastUpgradeCheck = 1630;
				TargetAttributes = {
					8859F8CF2DA6FB4C00F9F768 = {
						CreatedOnToolsVersion = 16.3;
					};
					8859F8E72DA6FB4D00F9F768 = {
						CreatedOnToolsVersion = 16.3;
						TestTargetID = 8859F8CF2DA6FB4C00F9F768;
					};
				};
			};
			buildConfigurationList = 8859F8CB2DA6FB4C00F9F768 /* Build configuration list for PBXProject "AstraZeneca" */;
			developmentRegion = en;
			hasScannedForEncodings = 0;
			knownRegions = (
				en,
				Base,
			);
			mainGroup = 8859F8C72DA6FB4C00F9F768;
			minimizedProjectReferenceProxies = 1;
			preferredProjectObjectVersion = 77;
			productRefGroup = 8859F8D12DA6FB4C00F9F768 /* Products */;
			projectDirPath = "";
			projectRoot = "";
			targets = (
				8859F8CF2DA6FB4C00F9F768 /* AstraZeneca */,
				8859F8E72DA6FB4D00F9F768 /* AstraZenecaTests */,
			);
		};
/* End PBXProject section */

/* Begin PBXResourcesBuildPhase section */
		8859F8CE2DA6FB4C00F9F768 /* Resources */ = {
			isa = PBXResourcesBuildPhase;
			buildActionMask = 2147483647;
			files = (
			);
			runOnlyForDeploymentPostprocessing = 0;
		};
		8859F8E62DA6FB4D00F9F768 /* Resources */ = {
			isa = PBXResourcesBuildPhase;
			buildActionMask = 2147483647;
			files = (
			);
			runOnlyForDeploymentPostprocessing = 0;
		};
/* End PBXResourcesBuildPhase section */

/* Begin PBXSourcesBuildPhase section */
		8859F8CC2DA6FB4C00F9F768 /* Sources */ = {
			isa = PBXSourcesBuildPhase;
			buildActionMask = 2147483647;
			files = (
			);
			runOnlyForDeploymentPostprocessing = 0;
		};
		8859F8E42DA6FB4D00F9F768 /* Sources */ = {
			isa = PBXSourcesBuildPhase;
			buildActionMask = 2147483647;
			files = (
			);
			runOnlyForDeploymentPostprocessing = 0;
		};
/* End PBXSourcesBuildPhase section */

/* Begin PBXTargetDependency section */
		8859F8EA2DA6FB4D00F9F768 /* PBXTargetDependency */ = {
			isa = PBXTargetDependency;
			target = 8859F8CF2DA6FB4C00F9F768 /* AstraZeneca */;
			targetProxy = 8859F8E92DA6FB4D00F9F768 /* PBXContainerItemProxy */;
		};
/* End PBXTargetDependency section */

/* Begin XCBuildConfiguration section */
		8859F8F02DA6FB4D00F9F768 /* Debug */ = {
			isa = XCBuildConfiguration;
			buildSettings = {
				ASSETCATALOG_COMPILER_APPICON_NAME = AppIcon;
				ASSETCATALOG_COMPILER_GLOBAL_ACCENT_COLOR_NAME = AccentColor;
				CODE_SIGN_STYLE = Automatic;
				CURRENT_PROJECT_VERSION = 3;
				DEVELOPMENT_TEAM = UTK59YE75G;
				ENABLE_PREVIEWS = YES;
				GENERATE_INFOPLIST_FILE = YES;
				INFOPLIST_FILE = "$(TARGET_NAME)/Info.plist";
				INFOPLIST_KEY_CFBundleDisplayName = "AstraZeneca Executive Meeting";
				LD_RUNPATH_SEARCH_PATHS = (
					"$(inherited)",
					"@executable_path/Frameworks",
				);
				MARKETING_VERSION = 1.0;
				PRODUCT_BUNDLE_IDENTIFIER = groovejones.AstraZenecaExecutiveMeeting;
				PRODUCT_NAME = "$(TARGET_NAME)";
				SUPPORTED_PLATFORMS = "xros xrsimulator";
				SWIFT_EMIT_LOC_STRINGS = YES;
				SWIFT_VERSION = 5.0;
				TARGETED_DEVICE_FAMILY = 7;
			};
			name = Debug;
		};
		8859F8F12DA6FB4D00F9F768 /* Release */ = {
			isa = XCBuildConfiguration;
			buildSettings = {
				ASSETCATALOG_COMPILER_APPICON_NAME = AppIcon;
				ASSETCATALOG_COMPILER_GLOBAL_ACCENT_COLOR_NAME = AccentColor;
				CODE_SIGN_STYLE = Automatic;
				CURRENT_PROJECT_VERSION = 3;
				DEVELOPMENT_TEAM = UTK59YE75G;
				ENABLE_PREVIEWS = YES;
				GENERATE_INFOPLIST_FILE = YES;
				INFOPLIST_FILE = "$(TARGET_NAME)/Info.plist";
				INFOPLIST_KEY_CFBundleDisplayName = "AstraZeneca Executive Meeting";
				LD_RUNPATH_SEARCH_PATHS = (
					"$(inherited)",
					"@executable_path/Frameworks",
				);
				MARKETING_VERSION = 1.0;
				PRODUCT_BUNDLE_IDENTIFIER = groovejones.AstraZenecaExecutiveMeeting;
				PRODUCT_NAME = "$(TARGET_NAME)";
				SUPPORTED_PLATFORMS = "xros xrsimulator";
				SWIFT_EMIT_LOC_STRINGS = YES;
				SWIFT_VERSION = 5.0;
				TARGETED_DEVICE_FAMILY = 7;
			};
			name = Release;
		};
		8859F8F22DA6FB4D00F9F768 /* Debug */ = {
			isa = XCBuildConfiguration;
			buildSettings = {
				ALWAYS_SEARCH_USER_PATHS = NO;
				ASSETCATALOG_COMPILER_GENERATE_SWIFT_ASSET_SYMBOL_EXTENSIONS = YES;
				CLANG_ANALYZER_NONNULL = YES;
				CLANG_ANALYZER_NUMBER_OBJECT_CONVERSION = YES_AGGRESSIVE;
				CLANG_CXX_LANGUAGE_STANDARD = "gnu++20";
				CLANG_ENABLE_MODULES = YES;
				CLANG_ENABLE_OBJC_ARC = YES;
				CLANG_ENABLE_OBJC_WEAK = YES;
				CLANG_WARN_BLOCK_CAPTURE_AUTORELEASING = YES;
				CLANG_WARN_BOOL_CONVERSION = YES;
				CLANG_WARN_COMMA = YES;
				CLANG_WARN_CONSTANT_CONVERSION = YES;
				CLANG_WARN_DEPRECATED_OBJC_IMPLEMENTATIONS = YES;
				CLANG_WARN_DIRECT_OBJC_ISA_USAGE = YES_ERROR;
				CLANG_WARN_DOCUMENTATION_COMMENTS = YES;
				CLANG_WARN_EMPTY_BODY = YES;
				CLANG_WARN_ENUM_CONVERSION = YES;
				CLANG_WARN_INFINITE_RECURSION = YES;
				CLANG_WARN_INT_CONVERSION = YES;
				CLANG_WARN_NON_LITERAL_NULL_CONVERSION = YES;
				CLANG_WARN_OBJC_IMPLICIT_RETAIN_SELF = YES;
				CLANG_WARN_OBJC_LITERAL_CONVERSION = YES;
				CLANG_WARN_OBJC_ROOT_CLASS = YES_ERROR;
				CLANG_WARN_QUOTED_INCLUDE_IN_FRAMEWORK_HEADER = YES;
				CLANG_WARN_RANGE_LOOP_ANALYSIS = YES;
				CLANG_WARN_STRICT_PROTOTYPES = YES;
				CLANG_WARN_SUSPICIOUS_MOVE = YES;
				CLANG_WARN_UNGUARDED_AVAILABILITY = YES_AGGRESSIVE;
				CLANG_WARN_UNREACHABLE_CODE = YES;
				CLANG_WARN__DUPLICATE_METHOD_MATCH = YES;
				COPY_PHASE_STRIP = NO;
				DEBUG_INFORMATION_FORMAT = dwarf;
				DEVELOPMENT_TEAM = UTK59YE75G;
				ENABLE_STRICT_OBJC_MSGSEND = YES;
				ENABLE_TESTABILITY = YES;
				ENABLE_USER_SCRIPT_SANDBOXING = YES;
				GCC_C_LANGUAGE_STANDARD = gnu17;
				GCC_DYNAMIC_NO_PIC = NO;
				GCC_NO_COMMON_BLOCKS = YES;
				GCC_OPTIMIZATION_LEVEL = 0;
				GCC_PREPROCESSOR_DEFINITIONS = (
					"DEBUG=1",
					"$(inherited)",
				);
				GCC_WARN_64_TO_32_BIT_CONVERSION = YES;
				GCC_WARN_ABOUT_RETURN_TYPE = YES_ERROR;
				GCC_WARN_UNDECLARED_SELECTOR = YES;
				GCC_WARN_UNINITIALIZED_AUTOS = YES_AGGRESSIVE;
				GCC_WARN_UNUSED_FUNCTION = YES;
				GCC_WARN_UNUSED_VARIABLE = YES;
				LOCALIZATION_PREFERS_STRING_CATALOGS = YES;
				MTL_ENABLE_DEBUG_INFO = INCLUDE_SOURCE;
				MTL_FAST_MATH = YES;
				ONLY_ACTIVE_ARCH = YES;
				SDKROOT = xros;
				SWIFT_ACTIVE_COMPILATION_CONDITIONS = "DEBUG $(inherited)";
				SWIFT_OPTIMIZATION_LEVEL = "-Onone";
				XROS_DEPLOYMENT_TARGET = 2.4;
			};
			name = Debug;
		};
		8859F8F32DA6FB4D00F9F768 /* Release */ = {
			isa = XCBuildConfiguration;
			buildSettings = {
				ALWAYS_SEARCH_USER_PATHS = NO;
				ASSETCATALOG_COMPILER_GENERATE_SWIFT_ASSET_SYMBOL_EXTENSIONS = YES;
				CLANG_ANALYZER_NONNULL = YES;
				CLANG_ANALYZER_NUMBER_OBJECT_CONVERSION = YES_AGGRESSIVE;
				CLANG_CXX_LANGUAGE_STANDARD = "gnu++20";
				CLANG_ENABLE_MODULES = YES;
				CLANG_ENABLE_OBJC_ARC = YES;
				CLANG_ENABLE_OBJC_WEAK = YES;
				CLANG_WARN_BLOCK_CAPTURE_AUTORELEASING = YES;
				CLANG_WARN_BOOL_CONVERSION = YES;
				CLANG_WARN_COMMA = YES;
				CLANG_WARN_CONSTANT_CONVERSION = YES;
				CLANG_WARN_DEPRECATED_OBJC_IMPLEMENTATIONS = YES;
				CLANG_WARN_DIRECT_OBJC_ISA_USAGE = YES_ERROR;
				CLANG_WARN_DOCUMENTATION_COMMENTS = YES;
				CLANG_WARN_EMPTY_BODY = YES;
				CLANG_WARN_ENUM_CONVERSION = YES;
				CLANG_WARN_INFINITE_RECURSION = YES;
				CLANG_WARN_INT_CONVERSION = YES;
				CLANG_WARN_NON_LITERAL_NULL_CONVERSION = YES;
				CLANG_WARN_OBJC_IMPLICIT_RETAIN_SELF = YES;
				CLANG_WARN_OBJC_LITERAL_CONVERSION = YES;
				CLANG_WARN_OBJC_ROOT_CLASS = YES_ERROR;
				CLANG_WARN_QUOTED_INCLUDE_IN_FRAMEWORK_HEADER = YES;
				CLANG_WARN_RANGE_LOOP_ANALYSIS = YES;
				CLANG_WARN_STRICT_PROTOTYPES = YES;
				CLANG_WARN_SUSPICIOUS_MOVE = YES;
				CLANG_WARN_UNGUARDED_AVAILABILITY = YES_AGGRESSIVE;
				CLANG_WARN_UNREACHABLE_CODE = YES;
				CLANG_WARN__DUPLICATE_METHOD_MATCH = YES;
				COPY_PHASE_STRIP = NO;
				DEBUG_INFORMATION_FORMAT = "dwarf-with-dsym";
				DEVELOPMENT_TEAM = UTK59YE75G;
				ENABLE_NS_ASSERTIONS = NO;
				ENABLE_STRICT_OBJC_MSGSEND = YES;
				ENABLE_USER_SCRIPT_SANDBOXING = YES;
				GCC_C_LANGUAGE_STANDARD = gnu17;
				GCC_NO_COMMON_BLOCKS = YES;
				GCC_WARN_64_TO_32_BIT_CONVERSION = YES;
				GCC_WARN_ABOUT_RETURN_TYPE = YES_ERROR;
				GCC_WARN_UNDECLARED_SELECTOR = YES;
				GCC_WARN_UNINITIALIZED_AUTOS = YES_AGGRESSIVE;
				GCC_WARN_UNUSED_FUNCTION = YES;
				GCC_WARN_UNUSED_VARIABLE = YES;
				LOCALIZATION_PREFERS_STRING_CATALOGS = YES;
				MTL_ENABLE_DEBUG_INFO = NO;
				MTL_FAST_MATH = YES;
				SDKROOT = xros;
				SWIFT_COMPILATION_MODE = wholemodule;
				VALIDATE_PRODUCT = YES;
				XROS_DEPLOYMENT_TARGET = 2.4;
			};
			name = Release;
		};
		8859F8F52DA6FB4D00F9F768 /* Debug */ = {
			isa = XCBuildConfiguration;
			buildSettings = {
				BUNDLE_LOADER = "$(TEST_HOST)";
				CODE_SIGN_STYLE = Automatic;
				CURRENT_PROJECT_VERSION = 1;
				DEVELOPMENT_TEAM = UTK59YE75G;
				GENERATE_INFOPLIST_FILE = YES;
				MARKETING_VERSION = 1.0;
				PRODUCT_BUNDLE_IDENTIFIER = groovejones.AstraZenecaTests;
				PRODUCT_NAME = "$(TARGET_NAME)";
				SUPPORTED_PLATFORMS = "xros xrsimulator";
				SWIFT_EMIT_LOC_STRINGS = NO;
				SWIFT_VERSION = 5.0;
				TARGETED_DEVICE_FAMILY = 7;
				TEST_HOST = "$(BUILT_PRODUCTS_DIR)/AstraZeneca.app/$(BUNDLE_EXECUTABLE_FOLDER_PATH)/AstraZeneca";
				XROS_DEPLOYMENT_TARGET = 2.4;
			};
			name = Debug;
		};
		8859F8F62DA6FB4D00F9F768 /* Release */ = {
			isa = XCBuildConfiguration;
			buildSettings = {
				BUNDLE_LOADER = "$(TEST_HOST)";
				CODE_SIGN_STYLE = Automatic;
				CURRENT_PROJECT_VERSION = 1;
				DEVELOPMENT_TEAM = UTK59YE75G;
				GENERATE_INFOPLIST_FILE = YES;
				MARKETING_VERSION = 1.0;
				PRODUCT_BUNDLE_IDENTIFIER = groovejones.AstraZenecaTests;
				PRODUCT_NAME = "$(TARGET_NAME)";
				SUPPORTED_PLATFORMS = "xros xrsimulator";
				SWIFT_EMIT_LOC_STRINGS = NO;
				SWIFT_VERSION = 5.0;
				TARGETED_DEVICE_FAMILY = 7;
				TEST_HOST = "$(BUILT_PRODUCTS_DIR)/AstraZeneca.app/$(BUNDLE_EXECUTABLE_FOLDER_PATH)/AstraZeneca";
				XROS_DEPLOYMENT_TARGET = 2.4;
			};
			name = Release;
		};
/* End XCBuildConfiguration section */

/* Begin XCConfigurationList section */
		8859F8CB2DA6FB4C00F9F768 /* Build configuration list for PBXProject "AstraZeneca" */ = {
			isa = XCConfigurationList;
			buildConfigurations = (
				8859F8F22DA6FB4D00F9F768 /* Debug */,
				8859F8F32DA6FB4D00F9F768 /* Release */,
			);
			defaultConfigurationIsVisible = 0;
			defaultConfigurationName = Release;
		};
		8859F8EF2DA6FB4D00F9F768 /* Build configuration list for PBXNativeTarget "AstraZeneca" */ = {
			isa = XCConfigurationList;
			buildConfigurations = (
				8859F8F02DA6FB4D00F9F768 /* Debug */,
				8859F8F12DA6FB4D00F9F768 /* Release */,
			);
			defaultConfigurationIsVisible = 0;
			defaultConfigurationName = Release;
		};
		8859F8F42DA6FB4D00F9F768 /* Build configuration list for PBXNativeTarget "AstraZenecaTests" */ = {
			isa = XCConfigurationList;
			buildConfigurations = (
				8859F8F52DA6FB4D00F9F768 /* Debug */,
				8859F8F62DA6FB4D00F9F768 /* Release */,
			);
			defaultConfigurationIsVisible = 0;
			defaultConfigurationName = Release;
		};
/* End XCConfigurationList section */

/* Begin XCSwiftPackageProductDependency section */
		8859F8D52DA6FB4C00F9F768 /* RealityKitContent */ = {
			isa = XCSwiftPackageProductDependency;
			productName = RealityKitContent;
		};
/* End XCSwiftPackageProductDependency section */
	};
	rootObject = 8859F8C82DA6FB4C00F9F768 /* Project object */;
}
